github.com/rickb777/gpio v0.0.1/go.mod h1:KnIQOXkjJal8aABWWWdeG97VauOwffOa7MK1b8CTPpk=
github.com/rickb777/gpio v0.0.2 h1:bIBQVc5DyD/xoOSASdfgkKvMlfV+A7JQh7EflG4U/R8=
github.com/rickb777/gpio v0.0.2/go.mod h1:KnIQOXkjJal8aABWWWdeG97VauOwffOa7MK1b8CTPpk=
golang.org/x/sys v0.43.0 h1:Rlag2XtaFTxp19wS8MXlJwTvoh8ArU6ezoyFsMyCTNI=
golang.org/x/sys v0.43.0/go.mod h1:4GL1E5IUh+htKOUEOaiffhrAeqysfVGipDYzABqnCmw=
